
Microsoft Visual Studio Solution File, Format Version 12.00
# Visual Studio Version 17
VisualStudioVersion = 17.6.33815.320
MinimumVisualStudioVersion = 10.0.40219.1
Project("{FAE04EC0-301F-11D3-BF4B-00C04F79EFBC}") = "Lab08", "Lab08\Lab08.csproj", "{7BD5F58C-35A3-4D42-8B83-25836AB00A30}"
EndProject
Global
	GlobalSection(SolutionConfigurationPlatforms) = preSolution
		Debug|Any CPU = Debug|Any CPU
		Release|Any CPU = Release|Any CPU
	EndGlobalSection
	GlobalSection(ProjectConfigurationPlatforms) = postSolution
		{7BD5F58C-35A3-4D42-8B83-25836AB00A30}.Debug|Any CPU.ActiveCfg = Debug|Any CPU
		{7BD5F58C-35A3-4D42-8B83-25836AB00A30}.Debug|Any CPU.Build.0 = Debug|Any CPU
		{7BD5F58C-35A3-4D42-8B83-25836AB00A30}.Release|Any CPU.ActiveCfg = Release|Any CPU
		{7BD5F58C-35A3-4D42-8B83-25836AB00A30}.Release|Any CPU.Build.0 = Release|Any CPU
	EndGlobalSection
	GlobalSection(SolutionProperties) = preSolution
		HideSolutionNode = FALSE
	EndGlobalSection
	GlobalSection(ExtensibilityGlobals) = postSolution
		SolutionGuid = {DCDFCCB1-D2A9-415C-8C0F-95D9B461552C}
	EndGlobalSection
EndGlobal
